{
  "nodes": {
    "alsaplayer": {
      "flake": false,
      "locked": {
        "lastModified": 1737482281,
        "narHash": "sha256-8rtfsWr1BfkVctEecVczMki2IfWVsfmsQn/kySdRM70=",
        "owner": "alsaplayer",
        "repo": "alsaplayer",
        "rev": "05ca204363e3bc2fb9d87a810ebdb0ac4ff54d3c",
        "type": "github"
      },
      "original": {
        "owner": "alsaplayer",
        "repo": "alsaplayer",
        "type": "github"
      }
    },
    "nixpkgs": {
      "locked": {
        "lastModified": 1790822859,
        "narHash": "sha256-69xHQhAeMAD2wDXO7T2pcOZIF9Sga2W+JkmY2a11Ops=",
        "owner": "NixOS",
        "repo": "nixpkgs",
        "rev": "c59305bab2065cfecc4944690d9eedbb56f3a9fa",
        "type": "github"
      },
      "original": {
        "owner": "NixOS",
        "ref": "nixos-unstable",
        "repo": "nixpkgs",
        "type": "github"
      }
    },
    "root": {
      "inputs": {
        "alsaplayer": "alsaplayer",
        "nixpkgs": "nixpkgs"
      }
    }
  },
  "root": "root",
  "version": 7
}
